# AUTO-GENERATED by mirror-local.sh - do not edit by hand.
# Run ./scripts/mirror-local.sh to refresh.
images:
  - name: argocd
    source: quay.io/argoproj/argocd
    upstream_tag: v2.14.5
    ghcr: ghcr.io/ic3w0rld/argocd
    resolved_tag: v2.14.5
  - name: argocd-extension-installer
    source: quay.io/argoprojlabs/argocd-extension-installer
    upstream_tag: v0.0.8
    ghcr: ghcr.io/ic3w0rld/argocd-extension-installer
    resolved_tag: v0.0.8
  - name: dex
    source: ghcr.io/dexidp/dex
    upstream_tag: v2.42.0
    ghcr: ghcr.io/ic3w0rld/dex
    resolved_tag: v2.42.0
  - name: cert-manager-controller
    source: quay.io/jetstack/cert-manager-controller
    upstream_tag: v1.17.1
    ghcr: ghcr.io/ic3w0rld/cert-manager-controller
    resolved_tag: v1.17.1
  - name: cert-manager-webhook
    source: quay.io/jetstack/cert-manager-webhook
    upstream_tag: v1.17.1
    ghcr: ghcr.io/ic3w0rld/cert-manager-webhook
    resolved_tag: v1.17.1
  - name: cert-manager-cainjector
    source: quay.io/jetstack/cert-manager-cainjector
    upstream_tag: v1.17.1
    ghcr: ghcr.io/ic3w0rld/cert-manager-cainjector
    resolved_tag: v1.17.1
  - name: cert-manager-acmesolver
    source: quay.io/jetstack/cert-manager-acmesolver
    upstream_tag: v1.17.1
    ghcr: ghcr.io/ic3w0rld/cert-manager-acmesolver
    resolved_tag: v1.17.1
  - name: cert-manager-startupapicheck
    source: quay.io/jetstack/cert-manager-startupapicheck
    upstream_tag: v1.17.1
    ghcr: ghcr.io/ic3w0rld/cert-manager-startupapicheck
    resolved_tag: v1.17.1
  - name: cilium
    source: quay.io/cilium/cilium
    upstream_tag: v1.17.1
    ghcr: ghcr.io/ic3w0rld/cilium
    resolved_tag: v1.17.1
  - name: cilium-operator-generic
    source: quay.io/cilium/operator-generic
    upstream_tag: v1.17.1
    ghcr: ghcr.io/ic3w0rld/cilium-operator-generic
    resolved_tag: v1.17.1
  - name: cilium-hubble-relay
    source: quay.io/cilium/hubble-relay
    upstream_tag: v1.17.1
    ghcr: ghcr.io/ic3w0rld/cilium-hubble-relay
    resolved_tag: v1.17.1
  - name: cilium-hubble-ui
    source: quay.io/cilium/hubble-ui
    upstream_tag: v1.17.1
    ghcr: ghcr.io/ic3w0rld/cilium-hubble-ui
    resolved_tag: ERROR
  - name: cilium-hubble-ui-backend
    source: quay.io/cilium/hubble-ui-backend
    upstream_tag: v1.17.1
    ghcr: ghcr.io/ic3w0rld/cilium-hubble-ui-backend
    resolved_tag: ERROR
  - name: fluent-bit
    source: cr.fluentbit.io/fluent/fluent-bit
    upstream_tag: 4.0.3
    ghcr: ghcr.io/ic3w0rld/fluent-bit
    resolved_tag: 4.0.3
  - name: configmap-reload
    source: ghcr.io/jimmidyson/configmap-reload
    upstream_tag: v0.14.0
    ghcr: ghcr.io/ic3w0rld/configmap-reload
    resolved_tag: v0.14.0
  - name: prometheus-operator
    source: quay.io/prometheus-operator/prometheus-operator
    upstream_tag: v0.83.0
    ghcr: ghcr.io/ic3w0rld/prometheus-operator
    resolved_tag: v0.83.0
  - name: prometheus-config-reloader
    source: quay.io/prometheus-operator/prometheus-config-reloader
    upstream_tag: v0.83.0
    ghcr: ghcr.io/ic3w0rld/prometheus-config-reloader
    resolved_tag: v0.83.0
  - name: prometheus-operator-admission-webhook
    source: quay.io/prometheus-operator/admission-webhook
    upstream_tag: v0.83.0
    ghcr: ghcr.io/ic3w0rld/prometheus-operator-admission-webhook
    resolved_tag: v0.83.0
  - name: prometheus
    source: quay.io/prometheus/prometheus
    upstream_tag: v3.4.1
    ghcr: ghcr.io/ic3w0rld/prometheus
    resolved_tag: v3.4.1
  - name: alertmanager
    source: quay.io/prometheus/alertmanager
    upstream_tag: v0.28.1
    ghcr: ghcr.io/ic3w0rld/alertmanager
    resolved_tag: v0.28.1
  - name: thanos
    source: quay.io/thanos/thanos
    upstream_tag: v0.38.0
    ghcr: ghcr.io/ic3w0rld/thanos
    resolved_tag: v0.38.0
  - name: kube-webhook-certgen
    source: registry.k8s.io/ingress-nginx/kube-webhook-certgen
    upstream_tag: v1.5.4
    ghcr: ghcr.io/ic3w0rld/kube-webhook-certgen
    resolved_tag: v1.5.4
  - name: grafana
    source: docker.io/grafana/grafana
    upstream_tag: 12.0.2
    ghcr: ghcr.io/ic3w0rld/grafana
    resolved_tag: 12.0.2
  - name: grafana-image-renderer
    source: docker.io/grafana/grafana-image-renderer
    upstream_tag: latest
    ghcr: ghcr.io/ic3w0rld/grafana-image-renderer
    resolved_tag: latest
  - name: k8s-sidecar
    source: quay.io/kiwigrid/k8s-sidecar
    upstream_tag: 1.30.0
    ghcr: ghcr.io/ic3w0rld/k8s-sidecar
    resolved_tag: 1.30.0
  - name: curl
    source: docker.io/curlimages/curl
    upstream_tag: 8.9.1
    ghcr: ghcr.io/ic3w0rld/curl
    resolved_tag: 8.9.1
  - name: prometheus-node-exporter
    source: quay.io/prometheus/node-exporter
    upstream_tag: v1.9.1
    ghcr: ghcr.io/ic3w0rld/prometheus-node-exporter
    resolved_tag: v1.9.1
  - name: kube-rbac-proxy
    source: quay.io/brancz/kube-rbac-proxy
    upstream_tag: v0.19.1
    ghcr: ghcr.io/ic3w0rld/kube-rbac-proxy
    resolved_tag: v0.19.1
  - name: metallb-controller
    source: quay.io/metallb/controller
    upstream_tag: v0.14.9
    ghcr: ghcr.io/ic3w0rld/metallb-controller
    resolved_tag: v0.14.9
  - name: metallb-speaker
    source: quay.io/metallb/speaker
    upstream_tag: v0.14.9
    ghcr: ghcr.io/ic3w0rld/metallb-speaker
    resolved_tag: v0.14.9
  - name: frrouting-frr
    source: quay.io/frrouting/frr
    upstream_tag: 9.1.0
    ghcr: ghcr.io/ic3w0rld/frrouting-frr
    resolved_tag: 9.1.0
  - name: kubebuilder-kube-rbac-proxy
    source: gcr.io/kubebuilder/kube-rbac-proxy
    upstream_tag: v0.12.0
    ghcr: ghcr.io/ic3w0rld/kubebuilder-kube-rbac-proxy
    resolved_tag: ERROR
  - name: metrics-server
    source: registry.k8s.io/metrics-server/metrics-server
    upstream_tag: v0.7.2
    ghcr: ghcr.io/ic3w0rld/metrics-server
    resolved_tag: v0.7.2
  - name: addon-resizer
    source: registry.k8s.io/autoscaling/addon-resizer
    upstream_tag: 1.8.21
    ghcr: ghcr.io/ic3w0rld/addon-resizer
    resolved_tag: 1.8.21
  - name: minio
    source: quay.io/minio/minio
    upstream_tag: RELEASE.2024-12-18T13-15-44Z
    ghcr: ghcr.io/ic3w0rld/minio
    resolved_tag: RELEASE.2024-12-18T13-15-44Z
  - name: minio-mc
    source: quay.io/minio/mc
    upstream_tag: RELEASE.2024-11-21T17-21-54Z
    ghcr: ghcr.io/ic3w0rld/minio-mc
    resolved_tag: RELEASE.2024-11-21T17-21-54Z
  - name: opentelemetry-operator
    source: ghcr.io/open-telemetry/opentelemetry-operator/opentelemetry-operator
    upstream_tag: v0.126.0
    ghcr: ghcr.io/ic3w0rld/opentelemetry-operator
    resolved_tag: v0.126.0
  - name: opentelemetry-collector-k8s
    source: ghcr.io/open-telemetry/opentelemetry-collector-releases/opentelemetry-collector-k8s
    upstream_tag: 0.126.0
    ghcr: ghcr.io/ic3w0rld/opentelemetry-collector-k8s
    resolved_tag: 0.126.0
  - name: bitnami-postgresql
    source: registry-1.docker.io/bitnami/postgresql
    upstream_tag: latest
    ghcr: ghcr.io/ic3w0rld/bitnami-postgresql
    resolved_tag: 18.4.0
  - name: bitnami-postgres-exporter
    source: registry-1.docker.io/bitnami/postgres-exporter
    upstream_tag: latest
    ghcr: ghcr.io/ic3w0rld/bitnami-postgres-exporter
    resolved_tag: 0.19.1
  - name: bitnami-os-shell
    source: registry-1.docker.io/bitnami/os-shell
    upstream_tag: latest
    ghcr: ghcr.io/ic3w0rld/bitnami-os-shell
    resolved_tag: 5
  - name: bitnami-redis
    source: registry-1.docker.io/bitnami/redis
    upstream_tag: latest
    ghcr: ghcr.io/ic3w0rld/bitnami-redis
    resolved_tag: 8.8.0
  - name: bitnami-redis-exporter
    source: registry-1.docker.io/bitnami/redis-exporter
    upstream_tag: latest
    ghcr: ghcr.io/ic3w0rld/bitnami-redis-exporter
    resolved_tag: 1.86.0
  - name: bitnami-redis-sentinel
    source: registry-1.docker.io/bitnami/redis-sentinel
    upstream_tag: latest
    ghcr: ghcr.io/ic3w0rld/bitnami-redis-sentinel
    resolved_tag: 8.8.0
  - name: bitnami-kubectl
    source: registry-1.docker.io/bitnami/kubectl
    upstream_tag: latest
    ghcr: ghcr.io/ic3w0rld/bitnami-kubectl
    resolved_tag: 1.36.1
  - name: traefik
    source: docker.io/traefik
    upstream_tag: v3.3.4
    ghcr: ghcr.io/ic3w0rld/traefik
    resolved_tag: v3.3.4
  - name: vault
    source: docker.io/hashicorp/vault
    upstream_tag: 1.21.2
    ghcr: ghcr.io/ic3w0rld/vault
    resolved_tag: 1.21.2
  - name: zitadel
    source: ghcr.io/zitadel/zitadel
    upstream_tag: v2.67.2
    ghcr: ghcr.io/ic3w0rld/zitadel
    resolved_tag: v2.67.2
  - name: sealed-secrets-controller
    source: registry-1.docker.io/bitnami/sealed-secrets-controller
    upstream_tag: 0.29.0-debian-12-r1
    ghcr: ghcr.io/ic3w0rld/sealed-secrets-controller
    resolved_tag: 0.29.0-debian-12-r1
  - name: external-secrets
    source: oci.external-secrets.io/external-secrets/external-secrets
    upstream_tag: v0.15.1
    ghcr: ghcr.io/ic3w0rld/external-secrets
    resolved_tag: v0.15.1
  - name: grafana-loki
    source: docker.io/grafana/loki
    upstream_tag: 3.5.0
    ghcr: ghcr.io/ic3w0rld/grafana-loki
    resolved_tag: 3.5.0
  - name: grafana-loki-canary
    source: docker.io/grafana/loki-canary
    upstream_tag: 3.5.0
    ghcr: ghcr.io/ic3w0rld/grafana-loki-canary
    resolved_tag: 3.5.0
  - name: nginx-unprivileged
    source: docker.io/nginxinc/nginx-unprivileged
    upstream_tag: 1.28-alpine
    ghcr: ghcr.io/ic3w0rld/nginx-unprivileged
    resolved_tag: 1.28-alpine
  - name: memcached
    source: docker.io/memcached
    upstream_tag: 1.6.38-alpine
    ghcr: ghcr.io/ic3w0rld/memcached
    resolved_tag: 1.6.38-alpine
  - name: memcached-exporter
    source: docker.io/prom/memcached-exporter
    upstream_tag: v0.15.2
    ghcr: ghcr.io/ic3w0rld/memcached-exporter
    resolved_tag: v0.15.2
  - name: alpine
    source: docker.io/alpine
    upstream_tag: 3.20
    ghcr: ghcr.io/ic3w0rld/alpine
    resolved_tag: 3.20
  - name: busybox
    source: docker.io/busybox
    upstream_tag: latest
    ghcr: ghcr.io/ic3w0rld/busybox
    resolved_tag: latest
  - name: redis-alpine
    source: public.ecr.aws/docker/library/redis
    upstream_tag: 7.4.2-alpine
    ghcr: ghcr.io/ic3w0rld/redis-alpine
    resolved_tag: 7.4.2-alpine
  - name: redis-exporter
    source: public.ecr.aws/bitnami/redis-exporter
    upstream_tag: 1.67.0
    ghcr: ghcr.io/ic3w0rld/redis-exporter
    resolved_tag: 1.67.0
