# AUTO-GENERATED by mirror workflow - do not edit by hand.
# Re-run the Mirror workflow to refresh.
images:
  - name: alertmanager
    source: quay.io/prometheus/alertmanager
    upstream_tag: v0.32.2
    ghcr: ghcr.io/ic3w0rld/alertmanager
    resolved_tag: v0.32.2
  - name: alpine
    source: alpine
    upstream_tag: 3.20
    ghcr: ghcr.io/ic3w0rld/alpine
    resolved_tag: 3.20
  - name: argocd
    source: quay.io/argoproj/argocd
    upstream_tag: v3.4.3
    ghcr: ghcr.io/ic3w0rld/argocd
    resolved_tag: v3.4.3
  - name: bitnami-os-shell
    source: registry-1.docker.io/bitnami/os-shell
    upstream_tag: latest
    ghcr: ghcr.io/ic3w0rld/bitnami-os-shell
    resolved_tag: 5
  - name: bitnami-postgres-exporter
    source: registry-1.docker.io/bitnami/postgres-exporter
    upstream_tag: latest
    ghcr: ghcr.io/ic3w0rld/bitnami-postgres-exporter
    resolved_tag: 0.20.1
  - name: bitnami-postgresql
    source: registry-1.docker.io/bitnami/postgresql
    upstream_tag: latest
    ghcr: ghcr.io/ic3w0rld/bitnami-postgresql
    resolved_tag: 18.4.0
  - name: bitnami-redis
    source: registry-1.docker.io/bitnami/redis
    upstream_tag: latest
    ghcr: ghcr.io/ic3w0rld/bitnami-redis
    resolved_tag: 8.8.0
  - name: busybox
    source: busybox
    upstream_tag: 1.35
    ghcr: ghcr.io/ic3w0rld/busybox
    resolved_tag: 1.35
  - name: busybox
    source: docker.io/library/busybox
    upstream_tag: 1.38.0
    ghcr: ghcr.io/ic3w0rld/busybox
    resolved_tag: 1.38.0
  - name: cert-manager-cainjector
    source: quay.io/jetstack/cert-manager-cainjector
    upstream_tag: v1.20.2
    ghcr: ghcr.io/ic3w0rld/cert-manager-cainjector
    resolved_tag: v1.20.2
  - name: cert-manager-controller
    source: quay.io/jetstack/cert-manager-controller
    upstream_tag: v1.20.2
    ghcr: ghcr.io/ic3w0rld/cert-manager-controller
    resolved_tag: v1.20.2
  - name: cert-manager-webhook
    source: quay.io/jetstack/cert-manager-webhook
    upstream_tag: v1.20.2
    ghcr: ghcr.io/ic3w0rld/cert-manager-webhook
    resolved_tag: v1.20.2
  - name: cilium
    source: quay.io/cilium/cilium
    upstream_tag: v1.19.4
    ghcr: ghcr.io/ic3w0rld/cilium
    resolved_tag: v1.19.4
  - name: cilium-envoy
    source: quay.io/cilium/cilium-envoy
    upstream_tag: v1.36.6-1778235340-b87d1e32f522b33bd51701c6476d199326f01496
    ghcr: ghcr.io/ic3w0rld/cilium-envoy
    resolved_tag: v1.36.6-1778235340-b87d1e32f522b33bd51701c6476d199326f01496
  - name: curl
    source: docker.io/curlimages/curl
    upstream_tag: 8.20.0
    ghcr: ghcr.io/ic3w0rld/curl
    resolved_tag: 8.20.0
  - name: external-dns
    source: registry.k8s.io/external-dns/external-dns
    upstream_tag: v0.15.0
    ghcr: ghcr.io/ic3w0rld/external-dns
    resolved_tag: v0.15.0
  - name: external-secrets
    source: ghcr.io/external-secrets/external-secrets
    upstream_tag: v2.6.0
    ghcr: ghcr.io/ic3w0rld/external-secrets
    resolved_tag: v2.6.0
  - name: fluent-bit
    source: cr.fluentbit.io/fluent/fluent-bit
    upstream_tag: 5.0.7
    ghcr: ghcr.io/ic3w0rld/fluent-bit
    resolved_tag: 5.0.7
  - name: grafana
    source: docker.io/grafana/grafana
    upstream_tag: 13.0.1-security-01
    ghcr: ghcr.io/ic3w0rld/grafana
    resolved_tag: 13.0.1-security-01
  - name: hubble-relay
    source: quay.io/cilium/hubble-relay
    upstream_tag: v1.19.4
    ghcr: ghcr.io/ic3w0rld/hubble-relay
    resolved_tag: v1.19.4
  - name: hubble-ui
    source: quay.io/cilium/hubble-ui
    upstream_tag: v0.13.5
    ghcr: ghcr.io/ic3w0rld/hubble-ui
    resolved_tag: v0.13.5
  - name: hubble-ui-backend
    source: quay.io/cilium/hubble-ui-backend
    upstream_tag: v0.13.5
    ghcr: ghcr.io/ic3w0rld/hubble-ui-backend
    resolved_tag: v0.13.5
  - name: k8s
    source: docker.io/alpine/k8s
    upstream_tag: 1.36.0
    ghcr: ghcr.io/ic3w0rld/k8s
    resolved_tag: 1.36.0
  - name: k8s-sidecar
    source: docker.io/kiwigrid/k8s-sidecar
    upstream_tag: 2.5.0
    ghcr: ghcr.io/ic3w0rld/k8s-sidecar
    resolved_tag: 2.5.0
  - name: k8s-sidecar
    source: quay.io/kiwigrid/k8s-sidecar
    upstream_tag: 2.7.3
    ghcr: ghcr.io/ic3w0rld/k8s-sidecar
    resolved_tag: 2.7.3
  - name: kube-state-metrics
    source: registry.k8s.io/kube-state-metrics/kube-state-metrics
    upstream_tag: v2.19.0
    ghcr: ghcr.io/ic3w0rld/kube-state-metrics
    resolved_tag: v2.19.0
  - name: local-path-provisioner
    source: docker.io/rancher/local-path-provisioner
    upstream_tag: v0.0.36
    ghcr: ghcr.io/ic3w0rld/local-path-provisioner
    resolved_tag: v0.0.36
  - name: loki
    source: docker.io/grafana/loki
    upstream_tag: 3.6.7
    ghcr: ghcr.io/ic3w0rld/loki
    resolved_tag: 3.6.7
  - name: metallb-controller
    source: quay.io/metallb/controller
    upstream_tag: v0.16.1
    ghcr: ghcr.io/ic3w0rld/metallb-controller
    resolved_tag: v0.16.1
  - name: metallb-speaker
    source: quay.io/metallb/speaker
    upstream_tag: v0.16.1
    ghcr: ghcr.io/ic3w0rld/metallb-speaker
    resolved_tag: v0.16.1
  - name: minio
    source: quay.io/minio/minio
    upstream_tag: RELEASE.2024-12-18T13-15-44Z
    ghcr: ghcr.io/ic3w0rld/minio
    resolved_tag: RELEASE.2024-12-18T13-15-44Z
  - name: minio-mc
    source: minio/mc
    upstream_tag: latest
    ghcr: ghcr.io/ic3w0rld/minio-mc
    resolved_tag: latest
  - name: mirrored-coredns-coredns
    source: rancher/mirrored-coredns-coredns
    upstream_tag: 1.12.1
    ghcr: ghcr.io/ic3w0rld/mirrored-coredns-coredns
    resolved_tag: 1.12.1
  - name: mirrored-metrics-server
    source: rancher/mirrored-metrics-server
    upstream_tag: v0.7.2
    ghcr: ghcr.io/ic3w0rld/mirrored-metrics-server
    resolved_tag: v0.7.2
  - name: node-exporter
    source: quay.io/prometheus/node-exporter
    upstream_tag: v1.11.1-distroless
    ghcr: ghcr.io/ic3w0rld/node-exporter
    resolved_tag: v1.11.1-distroless
  - name: oauth2-proxy
    source: quay.io/oauth2-proxy/oauth2-proxy
    upstream_tag: v7.15.3
    ghcr: ghcr.io/ic3w0rld/oauth2-proxy
    resolved_tag: v7.15.3
  - name: opentelemetry-collector-contrib
    source: otel/opentelemetry-collector-contrib
    upstream_tag: 0.152.1
    ghcr: ghcr.io/ic3w0rld/opentelemetry-collector-contrib
    resolved_tag: 0.152.1
  - name: opentelemetry-collector-k8s
    source: ghcr.io/open-telemetry/opentelemetry-collector-releases/opentelemetry-collector-k8s
    upstream_tag: 0.152.1
    ghcr: ghcr.io/ic3w0rld/opentelemetry-collector-k8s
    resolved_tag: 0.152.1
  - name: opentelemetry-operator
    source: ghcr.io/open-telemetry/opentelemetry-operator/opentelemetry-operator
    upstream_tag: 0.152.0
    ghcr: ghcr.io/ic3w0rld/opentelemetry-operator
    resolved_tag: 0.152.0
  - name: operator-generic
    source: quay.io/cilium/operator-generic
    upstream_tag: v1.19.4
    ghcr: ghcr.io/ic3w0rld/operator-generic
    resolved_tag: v1.19.4
  - name: prometheus
    source: quay.io/prometheus/prometheus
    upstream_tag: v3.12.0-distroless
    ghcr: ghcr.io/ic3w0rld/prometheus
    resolved_tag: v3.12.0-distroless
  - name: prometheus-config-reloader
    source: quay.io/prometheus-operator/prometheus-config-reloader
    upstream_tag: v0.91.0
    ghcr: ghcr.io/ic3w0rld/prometheus-config-reloader
    resolved_tag: v0.91.0
  - name: prometheus-operator
    source: quay.io/prometheus-operator/prometheus-operator
    upstream_tag: v0.91.0
    ghcr: ghcr.io/ic3w0rld/prometheus-operator
    resolved_tag: v0.91.0
  - name: pushgateway
    source: prom/pushgateway
    upstream_tag: v1.11.1
    ghcr: ghcr.io/ic3w0rld/pushgateway
    resolved_tag: v1.11.1
  - name: redis
    source: public.ecr.aws/docker/library/redis
    upstream_tag: 7.4.2-alpine
    ghcr: ghcr.io/ic3w0rld/redis
    resolved_tag: 7.4.2-alpine
  - name: telemetrygen
    source: ghcr.io/open-telemetry/opentelemetry-collector-contrib/telemetrygen
    upstream_tag: latest
    ghcr: ghcr.io/ic3w0rld/telemetrygen
    resolved_tag: latest
  - name: tempo
    source: grafana/tempo
    upstream_tag: 2.7.2
    ghcr: ghcr.io/ic3w0rld/tempo
    resolved_tag: 2.7.2
  - name: traefik
    source: docker.io/traefik
    upstream_tag: v3.3.4
    ghcr: ghcr.io/ic3w0rld/traefik
    resolved_tag: v3.3.4
  - name: traefik
    source: docker.io/traefik
    upstream_tag: v3.7.1
    ghcr: ghcr.io/ic3w0rld/traefik
    resolved_tag: v3.7.1
  - name: vault
    source: hashicorp/vault
    upstream_tag: 1.21.2
    ghcr: ghcr.io/ic3w0rld/vault
    resolved_tag: 1.21.2
  - name: wait4x
    source: docker.io/wait4x/wait4x
    upstream_tag: 3.6
    ghcr: ghcr.io/ic3w0rld/wait4x
    resolved_tag: 3.6
  - name: zitadel
    source: ghcr.io/zitadel/zitadel
    upstream_tag: v4.14.0
    ghcr: ghcr.io/ic3w0rld/zitadel
    resolved_tag: v4.14.0
  - name: zitadel-login
    source: ghcr.io/zitadel/zitadel-login
    upstream_tag: v4.14.0
    ghcr: ghcr.io/ic3w0rld/zitadel-login
    resolved_tag: v4.14.0
